
Microsoft Visual Studio Solution File, Format Version 12.00
# Visual Studio Version 17
VisualStudioVersion = 17.3.32811.315
MinimumVisualStudioVersion = 10.0.40219.1
Project("{FAE04EC0-301F-11D3-BF4B-00C04F79EFBC}") = "BarCrudMVC", "BarCrudMVC\BarCrudMVC.csproj", "{75B73348-4790-4828-85EA-81B64EB42DC1}"
EndProject
Global
	GlobalSection(SolutionConfigurationPlatforms) = preSolution
		Debug|Any CPU = Debug|Any CPU
		Release|Any CPU = Release|Any CPU
	EndGlobalSection
	GlobalSection(ProjectConfigurationPlatforms) = postSolution
		{75B73348-4790-4828-85EA-81B64EB42DC1}.Debug|Any CPU.ActiveCfg = Debug|Any CPU
		{75B73348-4790-4828-85EA-81B64EB42DC1}.Debug|Any CPU.Build.0 = Debug|Any CPU
		{75B73348-4790-4828-85EA-81B64EB42DC1}.Release|Any CPU.ActiveCfg = Release|Any CPU
		{75B73348-4790-4828-85EA-81B64EB42DC1}.Release|Any CPU.Build.0 = Release|Any CPU
	EndGlobalSection
	GlobalSection(SolutionProperties) = preSolution
		HideSolutionNode = FALSE
	EndGlobalSection
	GlobalSection(ExtensibilityGlobals) = postSolution
		SolutionGuid = {66B8614E-B122-4EC8-91A6-49A73B9BDBF9}
	EndGlobalSection
EndGlobal
